<?xml version="1.0" encoding="utf-8"?>
<Project ToolsVersion="4.0" xmlns="http://schemas.microsoft.com/developer/msbuild/2003">
  <ItemGroup>
    <Filter Include="Common">
      <UniqueIdentifier>d0b49d43-3e20-4db4-a4d2-62638663ad1b</UniqueIdentifier>
    </Filter>
    <Filter Include="Assets">
      <UniqueIdentifier>28760434-929f-4b2f-b8f4-78f7d0ce1393</UniqueIdentifier>
      <Extensions>bmp;fbx;gif;jpg;jpeg;tga;tiff;tif;png</Extensions>
    </Filter>
	<Filter Include="Content">
      <UniqueIdentifier>98da8ec1-ab90-42bd-a76e-673e59151beb</UniqueIdentifier>
    </Filter>
    <Image Include="Assets\Logo.png">
      <Filter>Assets</Filter>
    </Image>
    <Image Include="Assets\SmallLogo.png">
      <Filter>Assets</Filter>
    </Image>
    <Image Include="Assets\StoreLogo.png">
      <Filter>Assets</Filter>
    </Image>
    <Image Include="Assets\SplashScreen.png">
      <Filter>Assets</Filter>
    </Image>
  </ItemGroup>
</Project>