<?xml version="1.0" encoding="utf-8"?>
<Project ToolsVersion="4.0" xmlns="http://schemas.microsoft.com/developer/msbuild/2003">
  <ItemGroup>
    <Filter Include="Common">
      <UniqueIdentifier>e98aee95-86c2-418a-8c6b-1c7eec49c9e2</UniqueIdentifier>
    </Filter>
    <Filter Include="Assets">
      <UniqueIdentifier>143a1bcb-dce3-4b26-bd59-9c5afac2dd9e</UniqueIdentifier>
      <Extensions>bmp;fbx;gif;jpg;jpeg;tga;tiff;tif;png</Extensions>
    </Filter>
	<Filter Include="Content">
      <UniqueIdentifier>fdb46f21-876e-4c04-86be-7032e7d7f5cb</UniqueIdentifier>
    </Filter>
    <Image Include="Assets\Logo.png">
      <Filter>Assets</Filter>
    </Image>
    <Image Include="Assets\SmallLogo.png">
      <Filter>Assets</Filter>
    </Image>
    <Image Include="Assets\StoreLogo.png">
      <Filter>Assets</Filter>
    </Image>
    <Image Include="Assets\SplashScreen.png">
      <Filter>Assets</Filter>
    </Image>
  </ItemGroup>
</Project>