<?xml version="1.0" encoding="utf-8"?>
<Project ToolsVersion="4.0" xmlns="http://schemas.microsoft.com/developer/msbuild/2003">
  <ItemGroup>
    <ClInclude Include="$(MSBuildThisFileDirectory)pch.h" />
    <ClInclude Include="$(MSBuildThisFileDirectory)Base\Time\StepTimer.h">
      <Filter>Base\Time</Filter>
    </ClInclude>
    <ClInclude Include="$(MSBuildThisFileDirectory)Base\Math\Vector.h">
      <Filter>Base\Math</Filter>
    </ClInclude>
    <ClInclude Include="$(MSBuildThisFileDirectory)Base\Math\Matrix.h">
      <Filter>Base\Math</Filter>
    </ClInclude>
    <ClInclude Include="$(MSBuildThisFileDirectory)Base\Objects\GameObject.h">
      <Filter>Base\Objects</Filter>
    </ClInclude>
    <ClInclude Include="$(MSBuildThisFileDirectory)Base\Objects\Ellipsoid.h">
      <Filter>Base\Objects</Filter>
    </ClInclude>
    <ClInclude Include="$(MSBuildThisFileDirectory)Base\Data Structures\QuadTree.h">
      <Filter>Base\Data Structures</Filter>
    </ClInclude>
    <ClInclude Include="$(MSBuildThisFileDirectory)Base\Objects\BoundingObjects.h">
      <Filter>Base\Objects</Filter>
    </ClInclude>
    <ClInclude Include="$(MSBuildThisFileDirectory)Physics\Physics.h">
      <Filter>Physics</Filter>
    </ClInclude>
    <ClInclude Include="$(MSBuildThisFileDirectory)Input\Input.h">
      <Filter>Input</Filter>
    </ClInclude>
    <ClInclude Include="$(MSBuildThisFileDirectory)Engine\Engine.h">
      <Filter>Engine</Filter>
    </ClInclude>
    <ClInclude Include="$(MSBuildThisFileDirectory)Renderer\Renderer.h">
      <Filter>Renderer</Filter>
    </ClInclude>
    <ClInclude Include="$(MSBuildThisFileDirectory)Base\Subsystem.h">
      <Filter>Base</Filter>
    </ClInclude>
    <ClInclude Include="$(MSBuildThisFileDirectory)Renderer\Camera\Camera.h">
      <Filter>Renderer\Camera</Filter>
    </ClInclude>
    <ClInclude Include="$(MSBuildThisFileDirectory)Renderer\Shaders\ConstantBuffers.h">
      <Filter>Renderer\Shaders</Filter>
    </ClInclude>
    <ClInclude Include="$(MSBuildThisFileDirectory)Base\Math\Quaternion.h">
      <Filter>Base\Math</Filter>
    </ClInclude>
    <ClInclude Include="$(MSBuildThisFileDirectory)Renderer\Lighting\Light.h">
      <Filter>Renderer\Lighting</Filter>
    </ClInclude>
    <ClInclude Include="$(MSBuildThisFileDirectory)Base\Base.h">
      <Filter>Base</Filter>
    </ClInclude>
    <ClInclude Include="$(MSBuildThisFileDirectory)Renderer\Lighting\Material.h">
      <Filter>Renderer\Lighting</Filter>
    </ClInclude>
    <ClInclude Include="$(MSBuildThisFileDirectory)Base\Mesh\Mesh.h">
      <Filter>Base\Mesh</Filter>
    </ClInclude>
    <ClInclude Include="$(MSBuildThisFileDirectory)Renderer\Objects\BaseObjects.h">
      <Filter>Renderer\Objects</Filter>
    </ClInclude>
  </ItemGroup>
  <ItemGroup>
    <ClCompile Include="$(MSBuildThisFileDirectory)pch.cpp" />
    <ClCompile Include="$(MSBuildThisFileDirectory)Base\Data Structures\QuadTree.cpp">
      <Filter>Base\Data Structures</Filter>
    </ClCompile>
    <ClCompile Include="$(MSBuildThisFileDirectory)Base\Objects\Ellipsoid.cpp">
      <Filter>Base\Objects</Filter>
    </ClCompile>
    <ClCompile Include="$(MSBuildThisFileDirectory)App.cpp" />
    <ClCompile Include="$(MSBuildThisFileDirectory)Renderer\Renderer.cpp">
      <Filter>Renderer</Filter>
    </ClCompile>
    <ClCompile Include="$(MSBuildThisFileDirectory)Physics\Physics.cpp">
      <Filter>Physics</Filter>
    </ClCompile>
    <ClCompile Include="$(MSBuildThisFileDirectory)Input\Input.cpp">
      <Filter>Input</Filter>
    </ClCompile>
    <ClCompile Include="$(MSBuildThisFileDirectory)Engine\Engine.cpp">
      <Filter>Engine</Filter>
    </ClCompile>
    <ClCompile Include="$(MSBuildThisFileDirectory)Renderer\Camera\Camera.cpp">
      <Filter>Renderer\Camera</Filter>
    </ClCompile>
    <ClCompile Include="$(MSBuildThisFileDirectory)Renderer\Objects\BaseObjects.cpp">
      <Filter>Renderer\Objects</Filter>
    </ClCompile>
  </ItemGroup>
  <ItemGroup>
    <Filter Include="Base">
      <UniqueIdentifier>{15ae087d-41a0-4796-aeaf-a55a241c4edb}</UniqueIdentifier>
    </Filter>
    <Filter Include="Input">
      <UniqueIdentifier>{c10b1bc5-7c7b-46e6-bb97-b0f7262f1675}</UniqueIdentifier>
    </Filter>
    <Filter Include="Physics">
      <UniqueIdentifier>{09b770a2-ad88-4dee-89d0-427fa3313755}</UniqueIdentifier>
    </Filter>
    <Filter Include="Engine">
      <UniqueIdentifier>{3b046fb6-71cf-4b01-9afc-a519e1882211}</UniqueIdentifier>
    </Filter>
    <Filter Include="Renderer">
      <UniqueIdentifier>{a0d6fbcb-9eff-4f79-841d-088ae996dd77}</UniqueIdentifier>
    </Filter>
    <Filter Include="Base\Math">
      <UniqueIdentifier>{e2c449cc-f4f8-4e35-98f1-c8bdb9aeeff9}</UniqueIdentifier>
    </Filter>
    <Filter Include="Base\Memory">
      <UniqueIdentifier>{3c54382e-2070-4f08-af71-fb4f1feb08f1}</UniqueIdentifier>
    </Filter>
    <Filter Include="Base\Objects">
      <UniqueIdentifier>{74ebb8c4-704e-4188-ba33-ab226c2a9de2}</UniqueIdentifier>
    </Filter>
    <Filter Include="Base\Time">
      <UniqueIdentifier>{751c4f80-156c-4538-a071-cfd5b980ed24}</UniqueIdentifier>
    </Filter>
    <Filter Include="Base\Data Structures">
      <UniqueIdentifier>{b27885b8-059d-49da-9721-cf122139b6be}</UniqueIdentifier>
    </Filter>
    <Filter Include="Renderer\Shaders">
      <UniqueIdentifier>{c0b2d4ef-aaf8-407e-a59a-c738b5526551}</UniqueIdentifier>
    </Filter>
    <Filter Include="Renderer\Camera">
      <UniqueIdentifier>{ab618380-504a-49ef-a972-31d88e6d3c8e}</UniqueIdentifier>
    </Filter>
    <Filter Include="Renderer\Lighting">
      <UniqueIdentifier>{60973c99-d871-413d-99a3-bf4f2c5d75ae}</UniqueIdentifier>
    </Filter>
    <Filter Include="Renderer\Shaders\Planetary">
      <UniqueIdentifier>{92883026-b3fc-4980-b168-95b2941f6e50}</UniqueIdentifier>
    </Filter>
    <Filter Include="Renderer\Shaders\Basic">
      <UniqueIdentifier>{03f55251-e95d-4a32-86df-cb11c685828f}</UniqueIdentifier>
    </Filter>
    <Filter Include="Renderer\Shaders\Common">
      <UniqueIdentifier>{7c0bcce6-f4c8-4c3e-99a6-944736e993eb}</UniqueIdentifier>
    </Filter>
    <Filter Include="Base\Mesh">
      <UniqueIdentifier>{c1ee72a4-8253-420d-9b5d-b27f651f2ac7}</UniqueIdentifier>
    </Filter>
    <Filter Include="Renderer\Objects">
      <UniqueIdentifier>{5a8c2e3f-2f5f-474d-a6e8-10c3aef10f26}</UniqueIdentifier>
    </Filter>
  </ItemGroup>
  <ItemGroup>
    <FxCompile Include="$(MSBuildThisFileDirectory)Renderer\Shaders\Basic\VertexShader.hlsl">
      <Filter>Renderer\Shaders\Basic</Filter>
    </FxCompile>
    <FxCompile Include="$(MSBuildThisFileDirectory)Renderer\Shaders\Basic\PixelShader.hlsl">
      <Filter>Renderer\Shaders\Basic</Filter>
    </FxCompile>
  </ItemGroup>
  <ItemGroup>
    <None Include="$(MSBuildThisFileDirectory)Renderer\Shaders\Common\ConstantBuffers.hlsli">
      <Filter>Renderer\Shaders\Common</Filter>
    </None>
    <None Include="$(MSBuildThisFileDirectory)Renderer\Shaders\Common\Light.hlsli">
      <Filter>Renderer\Shaders\Common</Filter>
    </None>
    <None Include="$(MSBuildThisFileDirectory)Renderer\Shaders\Common\Material.hlsli">
      <Filter>Renderer\Shaders\Common</Filter>
    </None>
    <None Include="$(MSBuildThisFileDirectory)Renderer\Shaders\Common\Pipeline.hlsli">
      <Filter>Renderer\Shaders\Common</Filter>
    </None>
  </ItemGroup>
</Project>